// !$*UTF8*$!
{
	archiveVersion = 1;
	classes = {
	};
	objectVersion = 77;
	objects = {

/* Begin PBXContainerItemProxy section */
		24C59CE72CB38BBF00BE4DDA /* PBXContainerItemProxy */ = {
			isa = PBXContainerItemProxy;
			containerPortal = 24C59CCE2CB38BBE00BE4DDA /* Project object */;
			proxyType = 1;
			remoteGlobalIDString = 24C59CD52CB38BBE00BE4DDA;
			remoteInfo = CaseOrder;
		};
		24C59CF12CB38BBF00BE4DDA /* PBXContainerItemProxy */ = {
			isa = PBXContainerItemProxy;
			containerPortal = 24C59CCE2CB38BBE00BE4DDA /* Project object */;
			proxyType = 1;
			remoteGlobalIDString = 24C59CD52CB38BBE00BE4DDA;
			remoteInfo = CaseOrder;
		};
/* End PBXContainerItemProxy section */

/* Begin PBXFileReference section */
		24C59CD62CB38BBE00BE4DDA /* CaseOrder.app */ = {isa = PBXFileReference; explicitFileType = wrapper.application; includeInIndex = 0; path = CaseOrder.app; sourceTree = BUILT_PRODUCTS_DIR; };
		24C59CE62CB38BBF00BE4DDA /* CaseOrderTests.xctest */ = {isa = PBXFileReference; explicitFileType = wrapper.cfbundle; includeInIndex = 0; path = CaseOrderTests.xctest; sourceTree = BUILT_PRODUCTS_DIR; };
		24C59CF02CB38BBF00BE4DDA /* CaseOrderUITests.xctest */ = {isa = PBXFileReference; explicitFileType = wrapper.cfbundle; includeInIndex = 0; path = CaseOrderUITests.xctest; sourceTree = BUILT_PRODUCTS_DIR; };
/* End PBXFileReference section */

/* Begin PBXFileSystemSynchronizedBuildFileExceptionSet section */
		24C59D062CB3FA0600BE4DDA /* Exceptions for "CaseOrder" folder in "CaseOrder" target */ = {
			isa = PBXFileSystemSynchronizedBuildFileExceptionSet;
			membershipExceptions = (
				Info.plist,
			);
			target = 24C59CD52CB38BBE00BE4DDA /* CaseOrder */;
		};
/* End PBXFileSystemSynchronizedBuildFileExceptionSet section */

/* Begin PBXFileSystemSynchronizedRootGroup section */
		24C59CD82CB38BBE00BE4DDA /* CaseOrder */ = {
			isa = PBXFileSystemSynchronizedRootGroup;
			exceptions = (
				24C59D062CB3FA0600BE4DDA /* Exceptions for "CaseOrder" folder in "CaseOrder" target */,
			);
			path = CaseOrder;
			sourceTree = "<group>";
		};
		24C59CE92CB38BBF00BE4DDA /* CaseOrderTests */ = {
			isa = PBXFileSystemSynchronizedRootGroup;
			path = CaseOrderTests;
			sourceTree = "<group>";
		};
		24C59CF32CB38BBF00BE4DDA /* CaseOrderUITests */ = {
			isa = PBXFileSystemSynchronizedRootGroup;
			path = CaseOrderUITests;
			sourceTree = "<group>";
		};
/* End PBXFileSystemSynchronizedRootGroup section */

/* Begin PBXFrameworksBuildPhase section */
		24C59CD32CB38BBE00BE4DDA /* Frameworks */ = {
			isa = PBXFrameworksBuildPhase;
			buildActionMask = 2147483647;
			files = (
			);
			runOnlyForDeploymentPostprocessing = 0;
		};
		24C59CE32CB38BBF00BE4DDA /* Frameworks */ = {
			isa = PBXFrameworksBuildPhase;
			buildActionMask = 2147483647;
			files = (
			);
			runOnlyForDeploymentPostprocessing = 0;
		};
		24C59CED2CB38BBF00BE4DDA /* Frameworks */ = {
			isa = PBXFrameworksBuildPhase;
			buildActionMask = 2147483647;
			files = (
			);
			runOnlyForDeploymentPostprocessing = 0;
		};
/* End PBXFrameworksBuildPhase section */

/* Begin PBXGroup section */
		24C59CCD2CB38BBE00BE4DDA = {
			isa = PBXGroup;
			children = (
				24C59CD82CB38BBE00BE4DDA /* CaseOrder */,
				24C59CE92CB38BBF00BE4DDA /* CaseOrderTests */,
				24C59CF32CB38BBF00BE4DDA /* CaseOrderUITests */,
				24C59CD72CB38BBE00BE4DDA /* Products */,
			);
			sourceTree = "<group>";
		};
		24C59CD72CB38BBE00BE4DDA /* Products */ = {
			isa = PBXGroup;
			children = (
				24C59CD62CB38BBE00BE4DDA /* CaseOrder.app */,
				24C59CE62CB38BBF00BE4DDA /* CaseOrderTests.xctest */,
				24C59CF02CB38BBF00BE4DDA /* CaseOrderUITests.xctest */,
			);
			name = Products;
			sourceTree = "<group>";
		};
/* End PBXGroup section */

/* Begin PBXNativeTarget section */
		24C59CD52CB38BBE00BE4DDA /* CaseOrder */ = {
			isa = PBXNativeTarget;
			buildConfigurationList = 24C59CFA2CB38BBF00BE4DDA /* Build configuration list for PBXNativeTarget "CaseOrder" */;
			buildPhases = (
				24C59CD22CB38BBE00BE4DDA /* Sources */,
				24C59CD32CB38BBE00BE4DDA /* Frameworks */,
				24C59CD42CB38BBE00BE4DDA /* Resources */,
			);
			buildRules = (
			);
			dependencies = (
			);
			fileSystemSynchronizedGroups = (
				24C59CD82CB38BBE00BE4DDA /* CaseOrder */,
			);
			name = CaseOrder;
			packageProductDependencies = (
			);
			productName = CaseOrder;
			productReference = 24C59CD62CB38BBE00BE4DDA /* CaseOrder.app */;
			productType = "com.apple.product-type.application";
		};
		24C59CE52CB38BBF00BE4DDA /* CaseOrderTests */ = {
			isa = PBXNativeTarget;
			buildConfigurationList = 24C59CFD2CB38BBF00BE4DDA /* Build configuration list for PBXNativeTarget "CaseOrderTests" */;
			buildPhases = (
				24C59CE22CB38BBF00BE4DDA /* Sources */,
				24C59CE32CB38BBF00BE4DDA /* Frameworks */,
				24C59CE42CB38BBF00BE4DDA /* Resources */,
			);
			buildRules = (
			);
			dependencies = (
				24C59CE82CB38BBF00BE4DDA /* PBXTargetDependency */,
			);
			fileSystemSynchronizedGroups = (
				24C59CE92CB38BBF00BE4DDA /* CaseOrderTests */,
			);
			name = CaseOrderTests;
			packageProductDependencies = (
			);
			productName = CaseOrderTests;
			productReference = 24C59CE62CB38BBF00BE4DDA /* CaseOrderTests.xctest */;
			productType = "com.apple.product-type.bundle.unit-test";
		};
		24C59CEF2CB38BBF00BE4DDA /* CaseOrderUITests */ = {
			isa = PBXNativeTarget;
			buildConfigurationList = 24C59D002CB38BBF00BE4DDA /* Build configuration list for PBXNativeTarget "CaseOrderUITests" */;
			buildPhases = (
				24C59CEC2CB38BBF00BE4DDA /* Sources */,
				24C59CED2CB38BBF00BE4DDA /* Frameworks */,
				24C59CEE2CB38BBF00BE4DDA /* Resources */,
			);
			buildRules = (
			);
			dependencies = (
				24C59CF22CB38BBF00BE4DDA /* PBXTargetDependency */,
			);
			fileSystemSynchronizedGroups = (
				24C59CF32CB38BBF00BE4DDA /* CaseOrderUITests */,
			);
			name = CaseOrderUITests;
			packageProductDependencies = (
			);
			productName = CaseOrderUITests;
			productReference = 24C59CF02CB38BBF00BE4DDA /* CaseOrderUITests.xctest */;
			productType = "com.apple.product-type.bundle.ui-testing";
		};
/* End PBXNativeTarget section */

/* Begin PBXProject section */
		24C59CCE2CB38BBE00BE4DDA /* Project object */ = {
			isa = PBXProject;
			attributes = {
				BuildIndependentTargetsInParallel = 1;
				LastSwiftUpdateCheck = 1600;
				LastUpgradeCheck = 1600;
				TargetAttributes = {
					24C59CD52CB38BBE00BE4DDA = {
						CreatedOnToolsVersion = 16.0;
					};
					24C59CE52CB38BBF00BE4DDA = {
						CreatedOnToolsVersion = 16.0;
						TestTargetID = 24C59CD52CB38BBE00BE4DDA;
					};
					24C59CEF2CB38BBF00BE4DDA = {
						CreatedOnToolsVersion = 16.0;
						TestTargetID = 24C59CD52CB38BBE00BE4DDA;
					};
				};
			};
			buildConfigurationList = 24C59CD12CB38BBE00BE4DDA /* Build configuration list for PBXProject "CaseOrder" */;
			developmentRegion = en;
			hasScannedForEncodings = 0;
			knownRegions = (
				en,
				Base,
			);
			mainGroup = 24C59CCD2CB38BBE00BE4DDA;
			minimizedProjectReferenceProxies = 1;
			preferredProjectObjectVersion = 77;
			productRefGroup = 24C59CD72CB38BBE00BE4DDA /* Products */;
			projectDirPath = "";
			projectRoot = "";
			targets = (
				24C59CD52CB38BBE00BE4DDA /* CaseOrder */,
				24C59CE52CB38BBF00BE4DDA /* CaseOrderTests */,
				24C59CEF2CB38BBF00BE4DDA /* CaseOrderUITests */,
			);
		};
/* End PBXProject section */

/* Begin PBXResourcesBuildPhase section */
		24C59CD42CB38BBE00BE4DDA /* Resources */ = {
			isa = PBXResourcesBuildPhase;
			buildActionMask = 2147483647;
			files = (
			);
			runOnlyForDeploymentPostprocessing = 0;
		};
		24C59CE42CB38BBF00BE4DDA /* Resources */ = {
			isa = PBXResourcesBuildPhase;
			buildActionMask = 2147483647;
			files = (
			);
			runOnlyForDeploymentPostprocessing = 0;
		};
		24C59CEE2CB38BBF00BE4DDA /* Resources */ = {
			isa = PBXResourcesBuildPhase;
			buildActionMask = 2147483647;
			files = (
			);
			runOnlyForDeploymentPostprocessing = 0;
		};
/* End PBXResourcesBuildPhase section */

/* Begin PBXSourcesBuildPhase section */
		24C59CD22CB38BBE00BE4DDA /* Sources */ = {
			isa = PBXSourcesBuildPhase;
			buildActionMask = 2147483647;
			files = (
			);
			runOnlyForDeploymentPostprocessing = 0;
		};
		24C59CE22CB38BBF00BE4DDA /* Sources */ = {
			isa = PBXSourcesBuildPhase;
			buildActionMask = 2147483647;
			files = (
			);
			runOnlyForDeploymentPostprocessing = 0;
		};
		24C59CEC2CB38BBF00BE4DDA /* Sources */ = {
			isa = PBXSourcesBuildPhase;
			buildActionMask = 2147483647;
			files = (
			);
			runOnlyForDeploymentPostprocessing = 0;
		};
/* End PBXSourcesBuildPhase section */

/* Begin PBXTargetDependency section */
		24C59CE82CB38BBF00BE4DDA /* PBXTargetDependency */ = {
			isa = PBXTargetDependency;
			target = 24C59CD52CB38BBE00BE4DDA /* CaseOrder */;
			targetProxy = 24C59CE72CB38BBF00BE4DDA /* PBXContainerItemProxy */;
		};
		24C59CF22CB38BBF00BE4DDA /* PBXTargetDependency */ = {
			isa = PBXTargetDependency;
			target = 24C59CD52CB38BBE00BE4DDA /* CaseOrder */;
			targetProxy = 24C59CF12CB38BBF00BE4DDA /* PBXContainerItemProxy */;
		};
/* End PBXTargetDependency section */

/* Begin XCBuildConfiguration section */
		24C59CF82CB38BBF00BE4DDA /* Debug */ = {
			isa = XCBuildConfiguration;
			buildSettings = {
				ALWAYS_SEARCH_USER_PATHS = NO;
				ASSETCATALOG_COMPILER_GENERATE_SWIFT_ASSET_SYMBOL_EXTENSIONS = YES;
				CLANG_ANALYZER_NONNULL = YES;
				CLANG_ANALYZER_NUMBER_OBJECT_CONVERSION = YES_AGGRESSIVE;
				CLANG_CXX_LANGUAGE_STANDARD = "gnu++20";
				CLANG_ENABLE_MODULES = YES;
				CLANG_ENABLE_OBJC_ARC = YES;
				CLANG_ENABLE_OBJC_WEAK = YES;
				CLANG_WARN_BLOCK_CAPTURE_AUTORELEASING = YES;
				CLANG_WARN_BOOL_CONVERSION = YES;
				CLANG_WARN_COMMA = YES;
				CLANG_WARN_CONSTANT_CONVERSION = YES;
				CLANG_WARN_DEPRECATED_OBJC_IMPLEMENTATIONS = YES;
				CLANG_WARN_DIRECT_OBJC_ISA_USAGE = YES_ERROR;
				CLANG_WARN_DOCUMENTATION_COMMENTS = YES;
				CLANG_WARN_EMPTY_BODY = YES;
				CLANG_WARN_ENUM_CONVERSION = YES;
				CLANG_WARN_INFINITE_RECURSION = YES;
				CLANG_WARN_INT_CONVERSION = YES;
				CLANG_WARN_NON_LITERAL_NULL_CONVERSION = YES;
				CLANG_WARN_OBJC_IMPLICIT_RETAIN_SELF = YES;
				CLANG_WARN_OBJC_LITERAL_CONVERSION = YES;
				CLANG_WARN_OBJC_ROOT_CLASS = YES_ERROR;
				CLANG_WARN_QUOTED_INCLUDE_IN_FRAMEWORK_HEADER = YES;
				CLANG_WARN_RANGE_LOOP_ANALYSIS = YES;
				CLANG_WARN_STRICT_PROTOTYPES = YES;
				CLANG_WARN_SUSPICIOUS_MOVE = YES;
				CLANG_WARN_UNGUARDED_AVAILABILITY = YES_AGGRESSIVE;
				CLANG_WARN_UNREACHABLE_CODE = YES;
				CLANG_WARN__DUPLICATE_METHOD_MATCH = YES;
				COPY_PHASE_STRIP = NO;
				DEBUG_INFORMATION_FORMAT = dwarf;
				ENABLE_STRICT_OBJC_MSGSEND = YES;
				ENABLE_TESTABILITY = YES;
				ENABLE_USER_SCRIPT_SANDBOXING = YES;
				GCC_C_LANGUAGE_STANDARD = gnu17;
				GCC_DYNAMIC_NO_PIC = NO;
				GCC_NO_COMMON_BLOCKS = YES;
				GCC_OPTIMIZATION_LEVEL = 0;
				GCC_PREPROCESSOR_DEFINITIONS = (
					"DEBUG=1",
					"$(inherited)",
				);
				GCC_WARN_64_TO_32_BIT_CONVERSION = YES;
				GCC_WARN_ABOUT_RETURN_TYPE = YES_ERROR;
				GCC_WARN_UNDECLARED_SELECTOR = YES;
				GCC_WARN_UNINITIALIZED_AUTOS = YES_AGGRESSIVE;
				GCC_WARN_UNUSED_FUNCTION = YES;
				GCC_WARN_UNUSED_VARIABLE = YES;
				IPHONEOS_DEPLOYMENT_TARGET = 18.0;
				LOCALIZATION_PREFERS_STRING_CATALOGS = YES;
				MTL_ENABLE_DEBUG_INFO = INCLUDE_SOURCE;
				MTL_FAST_MATH = YES;
				ONLY_ACTIVE_ARCH = YES;
				SDKROOT = iphoneos;
				SWIFT_ACTIVE_COMPILATION_CONDITIONS = "DEBUG $(inherited)";
				SWIFT_OPTIMIZATION_LEVEL = "-Onone";
			};
			name = Debug;
		};
		24C59CF92CB38BBF00BE4DDA /* Release */ = {
			isa = XCBuildConfiguration;
			buildSettings = {
				ALWAYS_SEARCH_USER_PATHS = NO;
				ASSETCATALOG_COMPILER_GENERATE_SWIFT_ASSET_SYMBOL_EXTENSIONS = YES;
				CLANG_ANALYZER_NONNULL = YES;
				CLANG_ANALYZER_NUMBER_OBJECT_CONVERSION = YES_AGGRESSIVE;
				CLANG_CXX_LANGUAGE_STANDARD = "gnu++20";
				CLANG_ENABLE_MODULES = YES;
				CLANG_ENABLE_OBJC_ARC = YES;
				CLANG_ENABLE_OBJC_WEAK = YES;
				CLANG_WARN_BLOCK_CAPTURE_AUTORELEASING = YES;
				CLANG_WARN_BOOL_CONVERSION = YES;
				CLANG_WARN_COMMA = YES;
				CLANG_WARN_CONSTANT_CONVERSION = YES;
				CLANG_WARN_DEPRECATED_OBJC_IMPLEMENTATIONS = YES;
				CLANG_WARN_DIRECT_OBJC_ISA_USAGE = YES_ERROR;
				CLANG_WARN_DOCUMENTATION_COMMENTS = YES;
				CLANG_WARN_EMPTY_BODY = YES;
				CLANG_WARN_ENUM_CONVERSION = YES;
				CLANG_WARN_INFINITE_RECURSION = YES;
				CLANG_WARN_INT_CONVERSION = YES;
				CLANG_WARN_NON_LITERAL_NULL_CONVERSION = YES;
				CLANG_WARN_OBJC_IMPLICIT_RETAIN_SELF = YES;
				CLANG_WARN_OBJC_LITERAL_CONVERSION = YES;
				CLANG_WARN_OBJC_ROOT_CLASS = YES_ERROR;
				CLANG_WARN_QUOTED_INCLUDE_IN_FRAMEWORK_HEADER = YES;
				CLANG_WARN_RANGE_LOOP_ANALYSIS = YES;
				CLANG_WARN_STRICT_PROTOTYPES = YES;
				CLANG_WARN_SUSPICIOUS_MOVE = YES;
				CLANG_WARN_UNGUARDED_AVAILABILITY = YES_AGGRESSIVE;
				CLANG_WARN_UNREACHABLE_CODE = YES;
				CLANG_WARN__DUPLICATE_METHOD_MATCH = YES;
				COPY_PHASE_STRIP = NO;
				DEBUG_INFORMATION_FORMAT = "dwarf-with-dsym";
				ENABLE_NS_ASSERTIONS = NO;
				ENABLE_STRICT_OBJC_MSGSEND = YES;
				ENABLE_USER_SCRIPT_SANDBOXING = YES;
				GCC_C_LANGUAGE_STANDARD = gnu17;
				GCC_NO_COMMON_BLOCKS = YES;
				GCC_WARN_64_TO_32_BIT_CONVERSION = YES;
				GCC_WARN_ABOUT_RETURN_TYPE = YES_ERROR;
				GCC_WARN_UNDECLARED_SELECTOR = YES;
				GCC_WARN_UNINITIALIZED_AUTOS = YES_AGGRESSIVE;
				GCC_WARN_UNUSED_FUNCTION = YES;
				GCC_WARN_UNUSED_VARIABLE = YES;
				IPHONEOS_DEPLOYMENT_TARGET = 18.0;
				LOCALIZATION_PREFERS_STRING_CATALOGS = YES;
				MTL_ENABLE_DEBUG_INFO = NO;
				MTL_FAST_MATH = YES;
				SDKROOT = iphoneos;
				SWIFT_COMPILATION_MODE = wholemodule;
				VALIDATE_PRODUCT = YES;
			};
			name = Release;
		};
		24C59CFB2CB38BBF00BE4DDA /* Debug */ = {
			isa = XCBuildConfiguration;
			buildSettings = {
				ASSETCATALOG_COMPILER_APPICON_NAME = AppIcon;
				ASSETCATALOG_COMPILER_GLOBAL_ACCENT_COLOR_NAME = AccentColor;
				CODE_SIGN_STYLE = Automatic;
				CURRENT_PROJECT_VERSION = 1;
				DEVELOPMENT_ASSET_PATHS = "\"CaseOrder/Preview Content\"";
				DEVELOPMENT_TEAM = 49PT5WMLF3;
				ENABLE_PREVIEWS = YES;
				GENERATE_INFOPLIST_FILE = YES;
				INFOPLIST_FILE = CaseOrder/Info.plist;
				INFOPLIST_KEY_UIApplicationSceneManifest_Generation = YES;
				INFOPLIST_KEY_UIApplicationSupportsIndirectInputEvents = YES;
				INFOPLIST_KEY_UILaunchScreen_Generation = YES;
				INFOPLIST_KEY_UISupportedInterfaceOrientations_iPad = "UIInterfaceOrientationPortrait UIInterfaceOrientationPortraitUpsideDown UIInterfaceOrientationLandscapeLeft UIInterfaceOrientationLandscapeRight";
				INFOPLIST_KEY_UISupportedInterfaceOrientations_iPhone = "UIInterfaceOrientationPortrait UIInterfaceOrientationLandscapeLeft UIInterfaceOrientationLandscapeRight";
				LD_RUNPATH_SEARCH_PATHS = (
					"$(inherited)",
					"@executable_path/Frameworks",
				);
				MARKETING_VERSION = 1.0;
				PRODUCT_BUNDLE_IDENTIFIER = KZRZ.CaseOrder;
				PRODUCT_NAME = "$(TARGET_NAME)";
				SWIFT_EMIT_LOC_STRINGS = YES;
				SWIFT_VERSION = 5.0;
				TARGETED_DEVICE_FAMILY = "1,2";
			};
			name = Debug;
		};
		24C59CFC2CB38BBF00BE4DDA /* Release */ = {
			isa = XCBuildConfiguration;
			buildSettings = {
				ASSETCATALOG_COMPILER_APPICON_NAME = AppIcon;
				ASSETCATALOG_COMPILER_GLOBAL_ACCENT_COLOR_NAME = AccentColor;
				CODE_SIGN_STYLE = Automatic;
				CURRENT_PROJECT_VERSION = 1;
				DEVELOPMENT_ASSET_PATHS = "\"CaseOrder/Preview Content\"";
				DEVELOPMENT_TEAM = 49PT5WMLF3;
				ENABLE_PREVIEWS = YES;
				GENERATE_INFOPLIST_FILE = YES;
				INFOPLIST_FILE = CaseOrder/Info.plist;
				INFOPLIST_KEY_UIApplicationSceneManifest_Generation = YES;
				INFOPLIST_KEY_UIApplicationSupportsIndirectInputEvents = YES;
				INFOPLIST_KEY_UILaunchScreen_Generation = YES;
				INFOPLIST_KEY_UISupportedInterfaceOrientations_iPad = "UIInterfaceOrientationPortrait UIInterfaceOrientationPortraitUpsideDown UIInterfaceOrientationLandscapeLeft UIInterfaceOrientationLandscapeRight";
				INFOPLIST_KEY_UISupportedInterfaceOrientations_iPhone = "UIInterfaceOrientationPortrait UIInterfaceOrientationLandscapeLeft UIInterfaceOrientationLandscapeRight";
				LD_RUNPATH_SEARCH_PATHS = (
					"$(inherited)",
					"@executable_path/Frameworks",
				);
				MARKETING_VERSION = 1.0;
				PRODUCT_BUNDLE_IDENTIFIER = KZRZ.CaseOrder;
				PRODUCT_NAME = "$(TARGET_NAME)";
				SWIFT_EMIT_LOC_STRINGS = YES;
				SWIFT_VERSION = 5.0;
				TARGETED_DEVICE_FAMILY = "1,2";
			};
			name = Release;
		};
		24C59CFE2CB38BBF00BE4DDA /* Debug */ = {
			isa = XCBuildConfiguration;
			buildSettings = {
				BUNDLE_LOADER = "$(TEST_HOST)";
				CODE_SIGN_STYLE = Automatic;
				CURRENT_PROJECT_VERSION = 1;
				DEVELOPMENT_TEAM = 49PT5WMLF3;
				GENERATE_INFOPLIST_FILE = YES;
				IPHONEOS_DEPLOYMENT_TARGET = 18.0;
				MARKETING_VERSION = 1.0;
				PRODUCT_BUNDLE_IDENTIFIER = KZRZ.CaseOrderTests;
				PRODUCT_NAME = "$(TARGET_NAME)";
				SWIFT_EMIT_LOC_STRINGS = NO;
				SWIFT_VERSION = 5.0;
				TARGETED_DEVICE_FAMILY = "1,2";
				TEST_HOST = "$(BUILT_PRODUCTS_DIR)/CaseOrder.app/$(BUNDLE_EXECUTABLE_FOLDER_PATH)/CaseOrder";
			};
			name = Debug;
		};
		24C59CFF2CB38BBF00BE4DDA /* Release */ = {
			isa = XCBuildConfiguration;
			buildSettings = {
				BUNDLE_LOADER = "$(TEST_HOST)";
				CODE_SIGN_STYLE = Automatic;
				CURRENT_PROJECT_VERSION = 1;
				DEVELOPMENT_TEAM = 49PT5WMLF3;
				GENERATE_INFOPLIST_FILE = YES;
				IPHONEOS_DEPLOYMENT_TARGET = 18.0;
				MARKETING_VERSION = 1.0;
				PRODUCT_BUNDLE_IDENTIFIER = KZRZ.CaseOrderTests;
				PRODUCT_NAME = "$(TARGET_NAME)";
				SWIFT_EMIT_LOC_STRINGS = NO;
				SWIFT_VERSION = 5.0;
				TARGETED_DEVICE_FAMILY = "1,2";
				TEST_HOST = "$(BUILT_PRODUCTS_DIR)/CaseOrder.app/$(BUNDLE_EXECUTABLE_FOLDER_PATH)/CaseOrder";
			};
			name = Release;
		};
		24C59D012CB38BBF00BE4DDA /* Debug */ = {
			isa = XCBuildConfiguration;
			buildSettings = {
				CODE_SIGN_STYLE = Automatic;
				CURRENT_PROJECT_VERSION = 1;
				DEVELOPMENT_TEAM = 49PT5WMLF3;
				GENERATE_INFOPLIST_FILE = YES;
				MARKETING_VERSION = 1.0;
				PRODUCT_BUNDLE_IDENTIFIER = KZRZ.CaseOrderUITests;
				PRODUCT_NAME = "$(TARGET_NAME)";
				SWIFT_EMIT_LOC_STRINGS = NO;
				SWIFT_VERSION = 5.0;
				TARGETED_DEVICE_FAMILY = "1,2";
				TEST_TARGET_NAME = CaseOrder;
			};
			name = Debug;
		};
		24C59D022CB38BBF00BE4DDA /* Release */ = {
			isa = XCBuildConfiguration;
			buildSettings = {
				CODE_SIGN_STYLE = Automatic;
				CURRENT_PROJECT_VERSION = 1;
				DEVELOPMENT_TEAM = 49PT5WMLF3;
				GENERATE_INFOPLIST_FILE = YES;
				MARKETING_VERSION = 1.0;
				PRODUCT_BUNDLE_IDENTIFIER = KZRZ.CaseOrderUITests;
				PRODUCT_NAME = "$(TARGET_NAME)";
				SWIFT_EMIT_LOC_STRINGS = NO;
				SWIFT_VERSION = 5.0;
				TARGETED_DEVICE_FAMILY = "1,2";
				TEST_TARGET_NAME = CaseOrder;
			};
			name = Release;
		};
/* End XCBuildConfiguration section */

/* Begin XCConfigurationList section */
		24C59CD12CB38BBE00BE4DDA /* Build configuration list for PBXProject "CaseOrder" */ = {
			isa = XCConfigurationList;
			buildConfigurations = (
				24C59CF82CB38BBF00BE4DDA /* Debug */,
				24C59CF92CB38BBF00BE4DDA /* Release */,
			);
			defaultConfigurationIsVisible = 0;
			defaultConfigurationName = Release;
		};
		24C59CFA2CB38BBF00BE4DDA /* Build configuration list for PBXNativeTarget "CaseOrder" */ = {
			isa = XCConfigurationList;
			buildConfigurations = (
				24C59CFB2CB38BBF00BE4DDA /* Debug */,
				24C59CFC2CB38BBF00BE4DDA /* Release */,
			);
			defaultConfigurationIsVisible = 0;
			defaultConfigurationName = Release;
		};
		24C59CFD2CB38BBF00BE4DDA /* Build configuration list for PBXNativeTarget "CaseOrderTests" */ = {
			isa = XCConfigurationList;
			buildConfigurations = (
				24C59CFE2CB38BBF00BE4DDA /* Debug */,
				24C59CFF2CB38BBF00BE4DDA /* Release */,
			);
			defaultConfigurationIsVisible = 0;
			defaultConfigurationName = Release;
		};
		24C59D002CB38BBF00BE4DDA /* Build configuration list for PBXNativeTarget "CaseOrderUITests" */ = {
			isa = XCConfigurationList;
			buildConfigurations = (
				24C59D012CB38BBF00BE4DDA /* Debug */,
				24C59D022CB38BBF00BE4DDA /* Release */,
			);
			defaultConfigurationIsVisible = 0;
			defaultConfigurationName = Release;
		};
/* End XCConfigurationList section */
	};
	rootObject = 24C59CCE2CB38BBE00BE4DDA /* Project object */;
}
